// !$*UTF8*$!
{
	archiveVersion = 1;
	classes = {
	};
	objectVersion = 50;
	objects = {

/* Begin PBXBuildFile section */
		2945213229B65496009ACC9B /* SetApp.swift in Sources */ = {isa = PBXBuildFile; fileRef = 2945213129B65496009ACC9B /* SetApp.swift */; };
		2945213429B65496009ACC9B /* ContentView.swift in Sources */ = {isa = PBXBuildFile; fileRef = 2945213329B65496009ACC9B /* ContentView.swift */; };
		2945213629B65498009ACC9B /* Assets.xcassets in Resources */ = {isa = PBXBuildFile; fileRef = 2945213529B65498009ACC9B /* Assets.xcassets */; };
		2945213929B65498009ACC9B /* Preview Assets.xcassets in Resources */ = {isa = PBXBuildFile; fileRef = 2945213829B65498009ACC9B /* Preview Assets.xcassets */; };
		2945214429B65498009ACC9B /* SetTests.swift in Sources */ = {isa = PBXBuildFile; fileRef = 2945214329B65498009ACC9B /* SetTests.swift */; };
		2945214F29B65498009ACC9B /* SetUITests.swift in Sources */ = {isa = PBXBuildFile; fileRef = 2945214E29B65498009ACC9B /* SetUITests.swift */; };
		2945216029B654AE009ACC9B /* SetCard.swift in Sources */ = {isa = PBXBuildFile; fileRef = 2945215F29B654AE009ACC9B /* SetCard.swift */; };
		2945216529B658A5009ACC9B /* SetDeck.swift in Sources */ = {isa = PBXBuildFile; fileRef = 2945216429B658A5009ACC9B /* SetDeck.swift */; };
		2945216E29B65CF7009ACC9B /* SetGame.swift in Sources */ = {isa = PBXBuildFile; fileRef = 2945216D29B65CF7009ACC9B /* SetGame.swift */; };
		297EA90B29BB649800A26DD5 /* SetViewModel.swift in Sources */ = {isa = PBXBuildFile; fileRef = 297EA90A29BB649800A26DD5 /* SetViewModel.swift */; };
/* End PBXBuildFile section */

/* Begin PBXContainerItemProxy section */
		2945214029B65498009ACC9B /* PBXContainerItemProxy */ = {
			isa = PBXContainerItemProxy;
			containerPortal = 2945212629B65496009ACC9B /* Project object */;
			proxyType = 1;
			remoteGlobalIDString = 2945212D29B65496009ACC9B;
			remoteInfo = Set;
		};
		2945214B29B65498009ACC9B /* PBXContainerItemProxy */ = {
			isa = PBXContainerItemProxy;
			containerPortal = 2945212629B65496009ACC9B /* Project object */;
			proxyType = 1;
			remoteGlobalIDString = 2945212D29B65496009ACC9B;
			remoteInfo = Set;
		};
/* End PBXContainerItemProxy section */

/* Begin PBXFileReference section */
		2945212E29B65496009ACC9B /* Set.app */ = {isa = PBXFileReference; explicitFileType = wrapper.application; includeInIndex = 0; path = Set.app; sourceTree = BUILT_PRODUCTS_DIR; };
		2945213129B65496009ACC9B /* SetApp.swift */ = {isa = PBXFileReference; lastKnownFileType = sourcecode.swift; path = SetApp.swift; sourceTree = "<group>"; };
		2945213329B65496009ACC9B /* ContentView.swift */ = {isa = PBXFileReference; lastKnownFileType = sourcecode.swift; path = ContentView.swift; sourceTree = "<group>"; };
		2945213529B65498009ACC9B /* Assets.xcassets */ = {isa = PBXFileReference; lastKnownFileType = folder.assetcatalog; path = Assets.xcassets; sourceTree = "<group>"; };
		2945213829B65498009ACC9B /* Preview Assets.xcassets */ = {isa = PBXFileReference; lastKnownFileType = folder.assetcatalog; path = "Preview Assets.xcassets"; sourceTree = "<group>"; };
		2945213A29B65498009ACC9B /* Info.plist */ = {isa = PBXFileReference; lastKnownFileType = text.plist.xml; path = Info.plist; sourceTree = "<group>"; };
		2945213F29B65498009ACC9B /* SetTests.xctest */ = {isa = PBXFileReference; explicitFileType = wrapper.cfbundle; includeInIndex = 0; path = SetTests.xctest; sourceTree = BUILT_PRODUCTS_DIR; };
		2945214329B65498009ACC9B /* SetTests.swift */ = {isa = PBXFileReference; lastKnownFileType = sourcecode.swift; path = SetTests.swift; sourceTree = "<group>"; };
		2945214529B65498009ACC9B /* Info.plist */ = {isa = PBXFileReference; lastKnownFileType = text.plist.xml; path = Info.plist; sourceTree = "<group>"; };
		2945214A29B65498009ACC9B /* SetUITests.xctest */ = {isa = PBXFileReference; explicitFileType = wrapper.cfbundle; includeInIndex = 0; path = SetUITests.xctest; sourceTree = BUILT_PRODUCTS_DIR; };
		2945214E29B65498009ACC9B /* SetUITests.swift */ = {isa = PBXFileReference; lastKnownFileType = sourcecode.swift; path = SetUITests.swift; sourceTree = "<group>"; };
		2945215029B65498009ACC9B /* Info.plist */ = {isa = PBXFileReference; lastKnownFileType = text.plist.xml; path = Info.plist; sourceTree = "<group>"; };
		2945215F29B654AE009ACC9B /* SetCard.swift */ = {isa = PBXFileReference; lastKnownFileType = sourcecode.swift; path = SetCard.swift; sourceTree = "<group>"; };
		2945216429B658A5009ACC9B /* SetDeck.swift */ = {isa = PBXFileReference; lastKnownFileType = sourcecode.swift; path = SetDeck.swift; sourceTree = "<group>"; };
		2945216D29B65CF7009ACC9B /* SetGame.swift */ = {isa = PBXFileReference; lastKnownFileType = sourcecode.swift; path = SetGame.swift; sourceTree = "<group>"; };
		297EA90A29BB649800A26DD5 /* SetViewModel.swift */ = {isa = PBXFileReference; lastKnownFileType = sourcecode.swift; path = SetViewModel.swift; sourceTree = "<group>"; };
/* End PBXFileReference section */

/* Begin PBXFrameworksBuildPhase section */
		2945212B29B65496009ACC9B /* Frameworks */ = {
			isa = PBXFrameworksBuildPhase;
			buildActionMask = 2147483647;
			files = (
			);
			runOnlyForDeploymentPostprocessing = 0;
		};
		2945213C29B65498009ACC9B /* Frameworks */ = {
			isa = PBXFrameworksBuildPhase;
			buildActionMask = 2147483647;
			files = (
			);
			runOnlyForDeploymentPostprocessing = 0;
		};
		2945214729B65498009ACC9B /* Frameworks */ = {
			isa = PBXFrameworksBuildPhase;
			buildActionMask = 2147483647;
			files = (
			);
			runOnlyForDeploymentPostprocessing = 0;
		};
/* End PBXFrameworksBuildPhase section */

/* Begin PBXGroup section */
		2945212529B65496009ACC9B = {
			isa = PBXGroup;
			children = (
				2945213029B65496009ACC9B /* Set */,
				2945214229B65498009ACC9B /* SetTests */,
				2945214D29B65498009ACC9B /* SetUITests */,
				2945212F29B65496009ACC9B /* Products */,
			);
			sourceTree = "<group>";
		};
		2945212F29B65496009ACC9B /* Products */ = {
			isa = PBXGroup;
			children = (
				2945212E29B65496009ACC9B /* Set.app */,
				2945213F29B65498009ACC9B /* SetTests.xctest */,
				2945214A29B65498009ACC9B /* SetUITests.xctest */,
			);
			name = Products;
			sourceTree = "<group>";
		};
		2945213029B65496009ACC9B /* Set */ = {
			isa = PBXGroup;
			children = (
				2945215F29B654AE009ACC9B /* SetCard.swift */,
				2945216429B658A5009ACC9B /* SetDeck.swift */,
				2945213129B65496009ACC9B /* SetApp.swift */,
				2945213329B65496009ACC9B /* ContentView.swift */,
				2945213529B65498009ACC9B /* Assets.xcassets */,
				2945213A29B65498009ACC9B /* Info.plist */,
				2945213729B65498009ACC9B /* Preview Content */,
				2945216D29B65CF7009ACC9B /* SetGame.swift */,
				297EA90A29BB649800A26DD5 /* SetViewModel.swift */,
			);
			path = Set;
			sourceTree = "<group>";
		};
		2945213729B65498009ACC9B /* Preview Content */ = {
			isa = PBXGroup;
			children = (
				2945213829B65498009ACC9B /* Preview Assets.xcassets */,
			);
			path = "Preview Content";
			sourceTree = "<group>";
		};
		2945214229B65498009ACC9B /* SetTests */ = {
			isa = PBXGroup;
			children = (
				2945214329B65498009ACC9B /* SetTests.swift */,
				2945214529B65498009ACC9B /* Info.plist */,
			);
			path = SetTests;
			sourceTree = "<group>";
		};
		2945214D29B65498009ACC9B /* SetUITests */ = {
			isa = PBXGroup;
			children = (
				2945214E29B65498009ACC9B /* SetUITests.swift */,
				2945215029B65498009ACC9B /* Info.plist */,
			);
			path = SetUITests;
			sourceTree = "<group>";
		};
/* End PBXGroup section */

/* Begin PBXNativeTarget section */
		2945212D29B65496009ACC9B /* Set */ = {
			isa = PBXNativeTarget;
			buildConfigurationList = 2945215329B65498009ACC9B /* Build configuration list for PBXNativeTarget "Set" */;
			buildPhases = (
				2945212A29B65496009ACC9B /* Sources */,
				2945212B29B65496009ACC9B /* Frameworks */,
				2945212C29B65496009ACC9B /* Resources */,
			);
			buildRules = (
			);
			dependencies = (
			);
			name = Set;
			productName = Set;
			productReference = 2945212E29B65496009ACC9B /* Set.app */;
			productType = "com.apple.product-type.application";
		};
		2945213E29B65498009ACC9B /* SetTests */ = {
			isa = PBXNativeTarget;
			buildConfigurationList = 2945215629B65498009ACC9B /* Build configuration list for PBXNativeTarget "SetTests" */;
			buildPhases = (
				2945213B29B65498009ACC9B /* Sources */,
				2945213C29B65498009ACC9B /* Frameworks */,
				2945213D29B65498009ACC9B /* Resources */,
			);
			buildRules = (
			);
			dependencies = (
				2945214129B65498009ACC9B /* PBXTargetDependency */,
			);
			name = SetTests;
			productName = SetTests;
			productReference = 2945213F29B65498009ACC9B /* SetTests.xctest */;
			productType = "com.apple.product-type.bundle.unit-test";
		};
		2945214929B65498009ACC9B /* SetUITests */ = {
			isa = PBXNativeTarget;
			buildConfigurationList = 2945215929B65498009ACC9B /* Build configuration list for PBXNativeTarget "SetUITests" */;
			buildPhases = (
				2945214629B65498009ACC9B /* Sources */,
				2945214729B65498009ACC9B /* Frameworks */,
				2945214829B65498009ACC9B /* Resources */,
			);
			buildRules = (
			);
			dependencies = (
				2945214C29B65498009ACC9B /* PBXTargetDependency */,
			);
			name = SetUITests;
			productName = SetUITests;
			productReference = 2945214A29B65498009ACC9B /* SetUITests.xctest */;
			productType = "com.apple.product-type.bundle.ui-testing";
		};
/* End PBXNativeTarget section */

/* Begin PBXProject section */
		2945212629B65496009ACC9B /* Project object */ = {
			isa = PBXProject;
			attributes = {
				LastSwiftUpdateCheck = 1240;
				LastUpgradeCheck = 1240;
				TargetAttributes = {
					2945212D29B65496009ACC9B = {
						CreatedOnToolsVersion = 12.4;
					};
					2945213E29B65498009ACC9B = {
						CreatedOnToolsVersion = 12.4;
						TestTargetID = 2945212D29B65496009ACC9B;
					};
					2945214929B65498009ACC9B = {
						CreatedOnToolsVersion = 12.4;
						TestTargetID = 2945212D29B65496009ACC9B;
					};
				};
			};
			buildConfigurationList = 2945212929B65496009ACC9B /* Build configuration list for PBXProject "Set" */;
			compatibilityVersion = "Xcode 9.3";
			developmentRegion = en;
			hasScannedForEncodings = 0;
			knownRegions = (
				en,
				Base,
			);
			mainGroup = 2945212529B65496009ACC9B;
			productRefGroup = 2945212F29B65496009ACC9B /* Products */;
			projectDirPath = "";
			projectRoot = "";
			targets = (
				2945212D29B65496009ACC9B /* Set */,
				2945213E29B65498009ACC9B /* SetTests */,
				2945214929B65498009ACC9B /* SetUITests */,
			);
		};
/* End PBXProject section */

/* Begin PBXResourcesBuildPhase section */
		2945212C29B65496009ACC9B /* Resources */ = {
			isa = PBXResourcesBuildPhase;
			buildActionMask = 2147483647;
			files = (
				2945213929B65498009ACC9B /* Preview Assets.xcassets in Resources */,
				2945213629B65498009ACC9B /* Assets.xcassets in Resources */,
			);
			runOnlyForDeploymentPostprocessing = 0;
		};
		2945213D29B65498009ACC9B /* Resources */ = {
			isa = PBXResourcesBuildPhase;
			buildActionMask = 2147483647;
			files = (
			);
			runOnlyForDeploymentPostprocessing = 0;
		};
		2945214829B65498009ACC9B /* Resources */ = {
			isa = PBXResourcesBuildPhase;
			buildActionMask = 2147483647;
			files = (
			);
			runOnlyForDeploymentPostprocessing = 0;
		};
/* End PBXResourcesBuildPhase section */

/* Begin PBXSourcesBuildPhase section */
		2945212A29B65496009ACC9B /* Sources */ = {
			isa = PBXSourcesBuildPhase;
			buildActionMask = 2147483647;
			files = (
				2945213429B65496009ACC9B /* ContentView.swift in Sources */,
				2945216029B654AE009ACC9B /* SetCard.swift in Sources */,
				2945216E29B65CF7009ACC9B /* SetGame.swift in Sources */,
				297EA90B29BB649800A26DD5 /* SetViewModel.swift in Sources */,
				2945213229B65496009ACC9B /* SetApp.swift in Sources */,
				2945216529B658A5009ACC9B /* SetDeck.swift in Sources */,
			);
			runOnlyForDeploymentPostprocessing = 0;
		};
		2945213B29B65498009ACC9B /* Sources */ = {
			isa = PBXSourcesBuildPhase;
			buildActionMask = 2147483647;
			files = (
				2945214429B65498009ACC9B /* SetTests.swift in Sources */,
			);
			runOnlyForDeploymentPostprocessing = 0;
		};
		2945214629B65498009ACC9B /* Sources */ = {
			isa = PBXSourcesBuildPhase;
			buildActionMask = 2147483647;
			files = (
				2945214F29B65498009ACC9B /* SetUITests.swift in Sources */,
			);
			runOnlyForDeploymentPostprocessing = 0;
		};
/* End PBXSourcesBuildPhase section */

/* Begin PBXTargetDependency section */
		2945214129B65498009ACC9B /* PBXTargetDependency */ = {
			isa = PBXTargetDependency;
			target = 2945212D29B65496009ACC9B /* Set */;
			targetProxy = 2945214029B65498009ACC9B /* PBXContainerItemProxy */;
		};
		2945214C29B65498009ACC9B /* PBXTargetDependency */ = {
			isa = PBXTargetDependency;
			target = 2945212D29B65496009ACC9B /* Set */;
			targetProxy = 2945214B29B65498009ACC9B /* PBXContainerItemProxy */;
		};
/* End PBXTargetDependency section */

/* Begin XCBuildConfiguration section */
		2945215129B65498009ACC9B /* Debug */ = {
			isa = XCBuildConfiguration;
			buildSettings = {
				ALWAYS_SEARCH_USER_PATHS = NO;
				CLANG_ANALYZER_NONNULL = YES;
				CLANG_ANALYZER_NUMBER_OBJECT_CONVERSION = YES_AGGRESSIVE;
				CLANG_CXX_LANGUAGE_STANDARD = "gnu++14";
				CLANG_CXX_LIBRARY = "libc++";
				CLANG_ENABLE_MODULES = YES;
				CLANG_ENABLE_OBJC_ARC = YES;
				CLANG_ENABLE_OBJC_WEAK = YES;
				CLANG_WARN_BLOCK_CAPTURE_AUTORELEASING = YES;
				CLANG_WARN_BOOL_CONVERSION = YES;
				CLANG_WARN_COMMA = YES;
				CLANG_WARN_CONSTANT_CONVERSION = YES;
				CLANG_WARN_DEPRECATED_OBJC_IMPLEMENTATIONS = YES;
				CLANG_WARN_DIRECT_OBJC_ISA_USAGE = YES_ERROR;
				CLANG_WARN_DOCUMENTATION_COMMENTS = YES;
				CLANG_WARN_EMPTY_BODY = YES;
				CLANG_WARN_ENUM_CONVERSION = YES;
				CLANG_WARN_INFINITE_RECURSION = YES;
				CLANG_WARN_INT_CONVERSION = YES;
				CLANG_WARN_NON_LITERAL_NULL_CONVERSION = YES;
				CLANG_WARN_OBJC_IMPLICIT_RETAIN_SELF = YES;
				CLANG_WARN_OBJC_LITERAL_CONVERSION = YES;
				CLANG_WARN_OBJC_ROOT_CLASS = YES_ERROR;
				CLANG_WARN_QUOTED_INCLUDE_IN_FRAMEWORK_HEADER = YES;
				CLANG_WARN_RANGE_LOOP_ANALYSIS = YES;
				CLANG_WARN_STRICT_PROTOTYPES = YES;
				CLANG_WARN_SUSPICIOUS_MOVE = YES;
				CLANG_WARN_UNGUARDED_AVAILABILITY = YES_AGGRESSIVE;
				CLANG_WARN_UNREACHABLE_CODE = YES;
				CLANG_WARN__DUPLICATE_METHOD_MATCH = YES;
				COPY_PHASE_STRIP = NO;
				DEBUG_INFORMATION_FORMAT = dwarf;
				ENABLE_STRICT_OBJC_MSGSEND = YES;
				ENABLE_TESTABILITY = YES;
				GCC_C_LANGUAGE_STANDARD = gnu11;
				GCC_DYNAMIC_NO_PIC = NO;
				GCC_NO_COMMON_BLOCKS = YES;
				GCC_OPTIMIZATION_LEVEL = 0;
				GCC_PREPROCESSOR_DEFINITIONS = (
					"DEBUG=1",
					"$(inherited)",
				);
				GCC_WARN_64_TO_32_BIT_CONVERSION = YES;
				GCC_WARN_ABOUT_RETURN_TYPE = YES_ERROR;
				GCC_WARN_UNDECLARED_SELECTOR = YES;
				GCC_WARN_UNINITIALIZED_AUTOS = YES_AGGRESSIVE;
				GCC_WARN_UNUSED_FUNCTION = YES;
				GCC_WARN_UNUSED_VARIABLE = YES;
				IPHONEOS_DEPLOYMENT_TARGET = 14.4;
				MTL_ENABLE_DEBUG_INFO = INCLUDE_SOURCE;
				MTL_FAST_MATH = YES;
				ONLY_ACTIVE_ARCH = YES;
				SDKROOT = iphoneos;
				SWIFT_ACTIVE_COMPILATION_CONDITIONS = DEBUG;
				SWIFT_OPTIMIZATION_LEVEL = "-Onone";
			};
			name = Debug;
		};
		2945215229B65498009ACC9B /* Release */ = {
			isa = XCBuildConfiguration;
			buildSettings = {
				ALWAYS_SEARCH_USER_PATHS = NO;
				CLANG_ANALYZER_NONNULL = YES;
				CLANG_ANALYZER_NUMBER_OBJECT_CONVERSION = YES_AGGRESSIVE;
				CLANG_CXX_LANGUAGE_STANDARD = "gnu++14";
				CLANG_CXX_LIBRARY = "libc++";
				CLANG_ENABLE_MODULES = YES;
				CLANG_ENABLE_OBJC_ARC = YES;
				CLANG_ENABLE_OBJC_WEAK = YES;
				CLANG_WARN_BLOCK_CAPTURE_AUTORELEASING = YES;
				CLANG_WARN_BOOL_CONVERSION = YES;
				CLANG_WARN_COMMA = YES;
				CLANG_WARN_CONSTANT_CONVERSION = YES;
				CLANG_WARN_DEPRECATED_OBJC_IMPLEMENTATIONS = YES;
				CLANG_WARN_DIRECT_OBJC_ISA_USAGE = YES_ERROR;
				CLANG_WARN_DOCUMENTATION_COMMENTS = YES;
				CLANG_WARN_EMPTY_BODY = YES;
				CLANG_WARN_ENUM_CONVERSION = YES;
				CLANG_WARN_INFINITE_RECURSION = YES;
				CLANG_WARN_INT_CONVERSION = YES;
				CLANG_WARN_NON_LITERAL_NULL_CONVERSION = YES;
				CLANG_WARN_OBJC_IMPLICIT_RETAIN_SELF = YES;
				CLANG_WARN_OBJC_LITERAL_CONVERSION = YES;
				CLANG_WARN_OBJC_ROOT_CLASS = YES_ERROR;
				CLANG_WARN_QUOTED_INCLUDE_IN_FRAMEWORK_HEADER = YES;
				CLANG_WARN_RANGE_LOOP_ANALYSIS = YES;
				CLANG_WARN_STRICT_PROTOTYPES = YES;
				CLANG_WARN_SUSPICIOUS_MOVE = YES;
				CLANG_WARN_UNGUARDED_AVAILABILITY = YES_AGGRESSIVE;
				CLANG_WARN_UNREACHABLE_CODE = YES;
				CLANG_WARN__DUPLICATE_METHOD_MATCH = YES;
				COPY_PHASE_STRIP = NO;
				DEBUG_INFORMATION_FORMAT = "dwarf-with-dsym";
				ENABLE_NS_ASSERTIONS = NO;
				ENABLE_STRICT_OBJC_MSGSEND = YES;
				GCC_C_LANGUAGE_STANDARD = gnu11;
				GCC_NO_COMMON_BLOCKS = YES;
				GCC_WARN_64_TO_32_BIT_CONVERSION = YES;
				GCC_WARN_ABOUT_RETURN_TYPE = YES_ERROR;
				GCC_WARN_UNDECLARED_SELECTOR = YES;
				GCC_WARN_UNINITIALIZED_AUTOS = YES_AGGRESSIVE;
				GCC_WARN_UNUSED_FUNCTION = YES;
				GCC_WARN_UNUSED_VARIABLE = YES;
				IPHONEOS_DEPLOYMENT_TARGET = 14.4;
				MTL_ENABLE_DEBUG_INFO = NO;
				MTL_FAST_MATH = YES;
				SDKROOT = iphoneos;
				SWIFT_COMPILATION_MODE = wholemodule;
				SWIFT_OPTIMIZATION_LEVEL = "-O";
				VALIDATE_PRODUCT = YES;
			};
			name = Release;
		};
		2945215429B65498009ACC9B /* Debug */ = {
			isa = XCBuildConfiguration;
			buildSettings = {
				ASSETCATALOG_COMPILER_APPICON_NAME = AppIcon;
				ASSETCATALOG_COMPILER_GLOBAL_ACCENT_COLOR_NAME = AccentColor;
				CODE_SIGN_STYLE = Automatic;
				DEVELOPMENT_ASSET_PATHS = "\"Set/Preview Content\"";
				DEVELOPMENT_TEAM = 5CR4ADZ79A;
				ENABLE_PREVIEWS = YES;
				INFOPLIST_FILE = Set/Info.plist;
				IPHONEOS_DEPLOYMENT_TARGET = 14.0;
				LD_RUNPATH_SEARCH_PATHS = (
					"$(inherited)",
					"@executable_path/Frameworks",
				);
				PRODUCT_BUNDLE_IDENTIFIER = App.Set;
				PRODUCT_NAME = "$(TARGET_NAME)";
				SWIFT_VERSION = 5.0;
				TARGETED_DEVICE_FAMILY = "1,2";
			};
			name = Debug;
		};
		2945215529B65498009ACC9B /* Release */ = {
			isa = XCBuildConfiguration;
			buildSettings = {
				ASSETCATALOG_COMPILER_APPICON_NAME = AppIcon;
				ASSETCATALOG_COMPILER_GLOBAL_ACCENT_COLOR_NAME = AccentColor;
				CODE_SIGN_STYLE = Automatic;
				DEVELOPMENT_ASSET_PATHS = "\"Set/Preview Content\"";
				DEVELOPMENT_TEAM = 5CR4ADZ79A;
				ENABLE_PREVIEWS = YES;
				INFOPLIST_FILE = Set/Info.plist;
				IPHONEOS_DEPLOYMENT_TARGET = 14.0;
				LD_RUNPATH_SEARCH_PATHS = (
					"$(inherited)",
					"@executable_path/Frameworks",
				);
				PRODUCT_BUNDLE_IDENTIFIER = App.Set;
				PRODUCT_NAME = "$(TARGET_NAME)";
				SWIFT_VERSION = 5.0;
				TARGETED_DEVICE_FAMILY = "1,2";
			};
			name = Release;
		};
		2945215729B65498009ACC9B /* Debug */ = {
			isa = XCBuildConfiguration;
			buildSettings = {
				ALWAYS_EMBED_SWIFT_STANDARD_LIBRARIES = YES;
				BUNDLE_LOADER = "$(TEST_HOST)";
				CODE_SIGN_STYLE = Automatic;
				DEVELOPMENT_TEAM = 5CR4ADZ79A;
				INFOPLIST_FILE = SetTests/Info.plist;
				IPHONEOS_DEPLOYMENT_TARGET = 14.0;
				LD_RUNPATH_SEARCH_PATHS = (
					"$(inherited)",
					"@executable_path/Frameworks",
					"@loader_path/Frameworks",
				);
				PRODUCT_BUNDLE_IDENTIFIER = App.SetTests;
				PRODUCT_NAME = "$(TARGET_NAME)";
				SWIFT_VERSION = 5.0;
				TARGETED_DEVICE_FAMILY = "1,2";
				TEST_HOST = "$(BUILT_PRODUCTS_DIR)/Set.app/Set";
			};
			name = Debug;
		};
		2945215829B65498009ACC9B /* Release */ = {
			isa = XCBuildConfiguration;
			buildSettings = {
				ALWAYS_EMBED_SWIFT_STANDARD_LIBRARIES = YES;
				BUNDLE_LOADER = "$(TEST_HOST)";
				CODE_SIGN_STYLE = Automatic;
				DEVELOPMENT_TEAM = 5CR4ADZ79A;
				INFOPLIST_FILE = SetTests/Info.plist;
				IPHONEOS_DEPLOYMENT_TARGET = 14.0;
				LD_RUNPATH_SEARCH_PATHS = (
					"$(inherited)",
					"@executable_path/Frameworks",
					"@loader_path/Frameworks",
				);
				PRODUCT_BUNDLE_IDENTIFIER = App.SetTests;
				PRODUCT_NAME = "$(TARGET_NAME)";
				SWIFT_VERSION = 5.0;
				TARGETED_DEVICE_FAMILY = "1,2";
				TEST_HOST = "$(BUILT_PRODUCTS_DIR)/Set.app/Set";
			};
			name = Release;
		};
		2945215A29B65498009ACC9B /* Debug */ = {
			isa = XCBuildConfiguration;
			buildSettings = {
				ALWAYS_EMBED_SWIFT_STANDARD_LIBRARIES = YES;
				CODE_SIGN_STYLE = Automatic;
				DEVELOPMENT_TEAM = 5CR4ADZ79A;
				INFOPLIST_FILE = SetUITests/Info.plist;
				LD_RUNPATH_SEARCH_PATHS = (
					"$(inherited)",
					"@executable_path/Frameworks",
					"@loader_path/Frameworks",
				);
				PRODUCT_BUNDLE_IDENTIFIER = App.SetUITests;
				PRODUCT_NAME = "$(TARGET_NAME)";
				SWIFT_VERSION = 5.0;
				TARGETED_DEVICE_FAMILY = "1,2";
				TEST_TARGET_NAME = Set;
			};
			name = Debug;
		};
		2945215B29B65498009ACC9B /* Release */ = {
			isa = XCBuildConfiguration;
			buildSettings = {
				ALWAYS_EMBED_SWIFT_STANDARD_LIBRARIES = YES;
				CODE_SIGN_STYLE = Automatic;
				DEVELOPMENT_TEAM = 5CR4ADZ79A;
				INFOPLIST_FILE = SetUITests/Info.plist;
				LD_RUNPATH_SEARCH_PATHS = (
					"$(inherited)",
					"@executable_path/Frameworks",
					"@loader_path/Frameworks",
				);
				PRODUCT_BUNDLE_IDENTIFIER = App.SetUITests;
				PRODUCT_NAME = "$(TARGET_NAME)";
				SWIFT_VERSION = 5.0;
				TARGETED_DEVICE_FAMILY = "1,2";
				TEST_TARGET_NAME = Set;
			};
			name = Release;
		};
/* End XCBuildConfiguration section */

/* Begin XCConfigurationList section */
		2945212929B65496009ACC9B /* Build configuration list for PBXProject "Set" */ = {
			isa = XCConfigurationList;
			buildConfigurations = (
				2945215129B65498009ACC9B /* Debug */,
				2945215229B65498009ACC9B /* Release */,
			);
			defaultConfigurationIsVisible = 0;
			defaultConfigurationName = Release;
		};
		2945215329B65498009ACC9B /* Build configuration list for PBXNativeTarget "Set" */ = {
			isa = XCConfigurationList;
			buildConfigurations = (
				2945215429B65498009ACC9B /* Debug */,
				2945215529B65498009ACC9B /* Release */,
			);
			defaultConfigurationIsVisible = 0;
			defaultConfigurationName = Release;
		};
		2945215629B65498009ACC9B /* Build configuration list for PBXNativeTarget "SetTests" */ = {
			isa = XCConfigurationList;
			buildConfigurations = (
				2945215729B65498009ACC9B /* Debug */,
				2945215829B65498009ACC9B /* Release */,
			);
			defaultConfigurationIsVisible = 0;
			defaultConfigurationName = Release;
		};
		2945215929B65498009ACC9B /* Build configuration list for PBXNativeTarget "SetUITests" */ = {
			isa = XCConfigurationList;
			buildConfigurations = (
				2945215A29B65498009ACC9B /* Debug */,
				2945215B29B65498009ACC9B /* Release */,
			);
			defaultConfigurationIsVisible = 0;
			defaultConfigurationName = Release;
		};
/* End XCConfigurationList section */
	};
	rootObject = 2945212629B65496009ACC9B /* Project object */;
}
